// !$*UTF8*$!
{
	archiveVersion = 1;
	classes = {
	};
	objectVersion = 46;
	objects = {

/* Begin PBXBuildFile section */
		0C1D08731597F2B60053A34F /* UIKit.framework in Frameworks */ = {isa = PBXBuildFile; fileRef = 0C1D08721597F2B60053A34F /* UIKit.framework */; };
		0C1D08751597F2B60053A34F /* Foundation.framework in Frameworks */ = {isa = PBXBuildFile; fileRef = 0C1D08741597F2B60053A34F /* Foundation.framework */; };
		0C1D08771597F2B60053A34F /* CoreGraphics.framework in Frameworks */ = {isa = PBXBuildFile; fileRef = 0C1D08761597F2B60053A34F /* CoreGraphics.framework */; };
		0C1D087D1597F2B60053A34F /* InfoPlist.strings in Resources */ = {isa = PBXBuildFile; fileRef = 0C1D087B1597F2B60053A34F /* InfoPlist.strings */; };
		0C1D087F1597F2B60053A34F /* main.m in Sources */ = {isa = PBXBuildFile; fileRef = 0C1D087E1597F2B60053A34F /* main.m */; };
		0C1D08831597F2B60053A34F /* AppDelegate.m in Sources */ = {isa = PBXBuildFile; fileRef = 0C1D08821597F2B60053A34F /* AppDelegate.m */; };
		0C1D08861597F2B60053A34F /* MainStoryboard_iPhone.storyboard in Resources */ = {isa = PBXBuildFile; fileRef = 0C1D08841597F2B60053A34F /* MainStoryboard_iPhone.storyboard */; };
		0C1D08891597F2B60053A34F /* MainStoryboard_iPad.storyboard in Resources */ = {isa = PBXBuildFile; fileRef = 0C1D08871597F2B60053A34F /* MainStoryboard_iPad.storyboard */; };
		0C1D088C1597F2B60053A34F /* ViewController.m in Sources */ = {isa = PBXBuildFile; fileRef = 0C1D088B1597F2B60053A34F /* ViewController.m */; };
		0C1D08A21597F2D80053A34F /* FBDialog.bundle in Resources */ = {isa = PBXBuildFile; fileRef = 0C1D08951597F2D80053A34F /* FBDialog.bundle */; };
		0C1D08A31597F2D80053A34F /* libfacebook_ios_sdk.a in Frameworks */ = {isa = PBXBuildFile; fileRef = 0C1D089B1597F2D80053A34F /* libfacebook_ios_sdk.a */; };
/* End PBXBuildFile section */

/* Begin PBXFileReference section */
		0C1D086E1597F2B60053A34F /* Project Netherworld iOS App.app */ = {isa = PBXFileReference; explicitFileType = wrapper.application; includeInIndex = 0; path = "Project Netherworld iOS App.app"; sourceTree = BUILT_PRODUCTS_DIR; };
		0C1D08721597F2B60053A34F /* UIKit.framework */ = {isa = PBXFileReference; lastKnownFileType = wrapper.framework; name = UIKit.framework; path = System/Library/Frameworks/UIKit.framework; sourceTree = SDKROOT; };
		0C1D08741597F2B60053A34F /* Foundation.framework */ = {isa = PBXFileReference; lastKnownFileType = wrapper.framework; name = Foundation.framework; path = System/Library/Frameworks/Foundation.framework; sourceTree = SDKROOT; };
		0C1D08761597F2B60053A34F /* CoreGraphics.framework */ = {isa = PBXFileReference; lastKnownFileType = wrapper.framework; name = CoreGraphics.framework; path = System/Library/Frameworks/CoreGraphics.framework; sourceTree = SDKROOT; };
		0C1D087A1597F2B60053A34F /* Project Netherworld iOS App-Info.plist */ = {isa = PBXFileReference; lastKnownFileType = text.plist.xml; path = "Project Netherworld iOS App-Info.plist"; sourceTree = "<group>"; };
		0C1D087C1597F2B60053A34F /* en */ = {isa = PBXFileReference; lastKnownFileType = text.plist.strings; name = en; path = en.lproj/InfoPlist.strings; sourceTree = "<group>"; };
		0C1D087E1597F2B60053A34F /* main.m */ = {isa = PBXFileReference; lastKnownFileType = sourcecode.c.objc; path = main.m; sourceTree = "<group>"; };
		0C1D08801597F2B60053A34F /* Project Netherworld iOS App-Prefix.pch */ = {isa = PBXFileReference; lastKnownFileType = sourcecode.c.h; path = "Project Netherworld iOS App-Prefix.pch"; sourceTree = "<group>"; };
		0C1D08811597F2B60053A34F /* AppDelegate.h */ = {isa = PBXFileReference; lastKnownFileType = sourcecode.c.h; path = AppDelegate.h; sourceTree = "<group>"; };
		0C1D08821597F2B60053A34F /* AppDelegate.m */ = {isa = PBXFileReference; lastKnownFileType = sourcecode.c.objc; path = AppDelegate.m; sourceTree = "<group>"; };
		0C1D08851597F2B60053A34F /* en */ = {isa = PBXFileReference; lastKnownFileType = file.storyboard; name = en; path = en.lproj/MainStoryboard_iPhone.storyboard; sourceTree = "<group>"; };
		0C1D08881597F2B60053A34F /* en */ = {isa = PBXFileReference; lastKnownFileType = file.storyboard; name = en; path = en.lproj/MainStoryboard_iPad.storyboard; sourceTree = "<group>"; };
		0C1D088A1597F2B60053A34F /* ViewController.h */ = {isa = PBXFileReference; lastKnownFileType = sourcecode.c.h; path = ViewController.h; sourceTree = "<group>"; };
		0C1D088B1597F2B60053A34F /* ViewController.m */ = {isa = PBXFileReference; lastKnownFileType = sourcecode.c.objc; path = ViewController.m; sourceTree = "<group>"; };
		0C1D08931597F2D80053A34F /* Facebook.h */ = {isa = PBXFileReference; fileEncoding = 4; lastKnownFileType = sourcecode.c.h; path = Facebook.h; sourceTree = "<group>"; };
		0C1D08941597F2D80053A34F /* FBConnect.h */ = {isa = PBXFileReference; fileEncoding = 4; lastKnownFileType = sourcecode.c.h; path = FBConnect.h; sourceTree = "<group>"; };
		0C1D08951597F2D80053A34F /* FBDialog.bundle */ = {isa = PBXFileReference; lastKnownFileType = "wrapper.plug-in"; path = FBDialog.bundle; sourceTree = "<group>"; };
		0C1D08961597F2D80053A34F /* FBDialog.h */ = {isa = PBXFileReference; fileEncoding = 4; lastKnownFileType = sourcecode.c.h; path = FBDialog.h; sourceTree = "<group>"; };
		0C1D08971597F2D80053A34F /* FBFrictionlessRequestSettings.h */ = {isa = PBXFileReference; fileEncoding = 4; lastKnownFileType = sourcecode.c.h; path = FBFrictionlessRequestSettings.h; sourceTree = "<group>"; };
		0C1D08981597F2D80053A34F /* FBLoginDialog.h */ = {isa = PBXFileReference; fileEncoding = 4; lastKnownFileType = sourcecode.c.h; path = FBLoginDialog.h; sourceTree = "<group>"; };
		0C1D08991597F2D80053A34F /* FBRequest.h */ = {isa = PBXFileReference; fileEncoding = 4; lastKnownFileType = sourcecode.c.h; path = FBRequest.h; sourceTree = "<group>"; };
		0C1D089A1597F2D80053A34F /* JSON.h */ = {isa = PBXFileReference; fileEncoding = 4; lastKnownFileType = sourcecode.c.h; path = JSON.h; sourceTree = "<group>"; };
		0C1D089B1597F2D80053A34F /* libfacebook_ios_sdk.a */ = {isa = PBXFileReference; lastKnownFileType = archive.ar; path = libfacebook_ios_sdk.a; sourceTree = "<group>"; };
		0C1D089C1597F2D80053A34F /* NSObject+SBJSON.h */ = {isa = PBXFileReference; fileEncoding = 4; lastKnownFileType = sourcecode.c.h; path = "NSObject+SBJSON.h"; sourceTree = "<group>"; };
		0C1D089D1597F2D80053A34F /* NSString+SBJSON.h */ = {isa = PBXFileReference; fileEncoding = 4; lastKnownFileType = sourcecode.c.h; path = "NSString+SBJSON.h"; sourceTree = "<group>"; };
		0C1D089E1597F2D80053A34F /* SBJSON.h */ = {isa = PBXFileReference; fileEncoding = 4; lastKnownFileType = sourcecode.c.h; path = SBJSON.h; sourceTree = "<group>"; };
		0C1D089F1597F2D80053A34F /* SBJsonBase.h */ = {isa = PBXFileReference; fileEncoding = 4; lastKnownFileType = sourcecode.c.h; path = SBJsonBase.h; sourceTree = "<group>"; };
		0C1D08A01597F2D80053A34F /* SBJsonParser.h */ = {isa = PBXFileReference; fileEncoding = 4; lastKnownFileType = sourcecode.c.h; path = SBJsonParser.h; sourceTree = "<group>"; };
		0C1D08A11597F2D80053A34F /* SBJsonWriter.h */ = {isa = PBXFileReference; fileEncoding = 4; lastKnownFileType = sourcecode.c.h; path = SBJsonWriter.h; sourceTree = "<group>"; };
/* End PBXFileReference section */

/* Begin PBXFrameworksBuildPhase section */
		0C1D086B1597F2B60053A34F /* Frameworks */ = {
			isa = PBXFrameworksBuildPhase;
			buildActionMask = 2147483647;
			files = (
				0C1D08731597F2B60053A34F /* UIKit.framework in Frameworks */,
				0C1D08751597F2B60053A34F /* Foundation.framework in Frameworks */,
				0C1D08771597F2B60053A34F /* CoreGraphics.framework in Frameworks */,
				0C1D08A31597F2D80053A34F /* libfacebook_ios_sdk.a in Frameworks */,
			);
			runOnlyForDeploymentPostprocessing = 0;
		};
/* End PBXFrameworksBuildPhase section */

/* Begin PBXGroup section */
		0C1D08631597F2B60053A34F = {
			isa = PBXGroup;
			children = (
				0C1D08921597F2D80053A34F /* facebook-ios-sdk */,
				0C1D08781597F2B60053A34F /* Project Netherworld iOS App */,
				0C1D08711597F2B60053A34F /* Frameworks */,
				0C1D086F1597F2B60053A34F /* Products */,
			);
			sourceTree = "<group>";
		};
		0C1D086F1597F2B60053A34F /* Products */ = {
			isa = PBXGroup;
			children = (
				0C1D086E1597F2B60053A34F /* Project Netherworld iOS App.app */,
			);
			name = Products;
			sourceTree = "<group>";
		};
		0C1D08711597F2B60053A34F /* Frameworks */ = {
			isa = PBXGroup;
			children = (
				0C1D08721597F2B60053A34F /* UIKit.framework */,
				0C1D08741597F2B60053A34F /* Foundation.framework */,
				0C1D08761597F2B60053A34F /* CoreGraphics.framework */,
			);
			name = Frameworks;
			sourceTree = "<group>";
		};
		0C1D08781597F2B60053A34F /* Project Netherworld iOS App */ = {
			isa = PBXGroup;
			children = (
				0C1D08811597F2B60053A34F /* AppDelegate.h */,
				0C1D08821597F2B60053A34F /* AppDelegate.m */,
				0C1D08841597F2B60053A34F /* MainStoryboard_iPhone.storyboard */,
				0C1D08871597F2B60053A34F /* MainStoryboard_iPad.storyboard */,
				0C1D088A1597F2B60053A34F /* ViewController.h */,
				0C1D088B1597F2B60053A34F /* ViewController.m */,
				0C1D08791597F2B60053A34F /* Supporting Files */,
			);
			path = "Project Netherworld iOS App";
			sourceTree = "<group>";
		};
		0C1D08791597F2B60053A34F /* Supporting Files */ = {
			isa = PBXGroup;
			children = (
				0C1D087A1597F2B60053A34F /* Project Netherworld iOS App-Info.plist */,
				0C1D087B1597F2B60053A34F /* InfoPlist.strings */,
				0C1D087E1597F2B60053A34F /* main.m */,
				0C1D08801597F2B60053A34F /* Project Netherworld iOS App-Prefix.pch */,
			);
			name = "Supporting Files";
			sourceTree = "<group>";
		};
		0C1D08921597F2D80053A34F /* facebook-ios-sdk */ = {
			isa = PBXGroup;
			children = (
				0C1D08931597F2D80053A34F /* Facebook.h */,
				0C1D08941597F2D80053A34F /* FBConnect.h */,
				0C1D08951597F2D80053A34F /* FBDialog.bundle */,
				0C1D08961597F2D80053A34F /* FBDialog.h */,
				0C1D08971597F2D80053A34F /* FBFrictionlessRequestSettings.h */,
				0C1D08981597F2D80053A34F /* FBLoginDialog.h */,
				0C1D08991597F2D80053A34F /* FBRequest.h */,
				0C1D089A1597F2D80053A34F /* JSON.h */,
				0C1D089B1597F2D80053A34F /* libfacebook_ios_sdk.a */,
				0C1D089C1597F2D80053A34F /* NSObject+SBJSON.h */,
				0C1D089D1597F2D80053A34F /* NSString+SBJSON.h */,
				0C1D089E1597F2D80053A34F /* SBJSON.h */,
				0C1D089F1597F2D80053A34F /* SBJsonBase.h */,
				0C1D08A01597F2D80053A34F /* SBJsonParser.h */,
				0C1D08A11597F2D80053A34F /* SBJsonWriter.h */,
			);
			path = "facebook-ios-sdk";
			sourceTree = "<group>";
		};
/* End PBXGroup section */

/* Begin PBXNativeTarget section */
		0C1D086D1597F2B60053A34F /* Project Netherworld iOS App */ = {
			isa = PBXNativeTarget;
			buildConfigurationList = 0C1D088F1597F2B60053A34F /* Build configuration list for PBXNativeTarget "Project Netherworld iOS App" */;
			buildPhases = (
				0C1D086A1597F2B60053A34F /* Sources */,
				0C1D086B1597F2B60053A34F /* Frameworks */,
				0C1D086C1597F2B60053A34F /* Resources */,
			);
			buildRules = (
			);
			dependencies = (
			);
			name = "Project Netherworld iOS App";
			productName = "Project Netherworld iOS App";
			productReference = 0C1D086E1597F2B60053A34F /* Project Netherworld iOS App.app */;
			productType = "com.apple.product-type.application";
		};
/* End PBXNativeTarget section */

/* Begin PBXProject section */
		0C1D08651597F2B60053A34F /* Project object */ = {
			isa = PBXProject;
			attributes = {
				LastUpgradeCheck = 0430;
				ORGANIZATIONNAME = "Stanford University";
			};
			buildConfigurationList = 0C1D08681597F2B60053A34F /* Build configuration list for PBXProject "Project Netherworld iOS App" */;
			compatibilityVersion = "Xcode 3.2";
			developmentRegion = English;
			hasScannedForEncodings = 0;
			knownRegions = (
				en,
			);
			mainGroup = 0C1D08631597F2B60053A34F;
			productRefGroup = 0C1D086F1597F2B60053A34F /* Products */;
			projectDirPath = "";
			projectRoot = "";
			targets = (
				0C1D086D1597F2B60053A34F /* Project Netherworld iOS App */,
			);
		};
/* End PBXProject section */

/* Begin PBXResourcesBuildPhase section */
		0C1D086C1597F2B60053A34F /* Resources */ = {
			isa = PBXResourcesBuildPhase;
			buildActionMask = 2147483647;
			files = (
				0C1D087D1597F2B60053A34F /* InfoPlist.strings in Resources */,
				0C1D08861597F2B60053A34F /* MainStoryboard_iPhone.storyboard in Resources */,
				0C1D08891597F2B60053A34F /* MainStoryboard_iPad.storyboard in Resources */,
				0C1D08A21597F2D80053A34F /* FBDialog.bundle in Resources */,
			);
			runOnlyForDeploymentPostprocessing = 0;
		};
/* End PBXResourcesBuildPhase section */

/* Begin PBXSourcesBuildPhase section */
		0C1D086A1597F2B60053A34F /* Sources */ = {
			isa = PBXSourcesBuildPhase;
			buildActionMask = 2147483647;
			files = (
				0C1D087F1597F2B60053A34F /* main.m in Sources */,
				0C1D08831597F2B60053A34F /* AppDelegate.m in Sources */,
				0C1D088C1597F2B60053A34F /* ViewController.m in Sources */,
			);
			runOnlyForDeploymentPostprocessing = 0;
		};
/* End PBXSourcesBuildPhase section */

/* Begin PBXVariantGroup section */
		0C1D087B1597F2B60053A34F /* InfoPlist.strings */ = {
			isa = PBXVariantGroup;
			children = (
				0C1D087C1597F2B60053A34F /* en */,
			);
			name = InfoPlist.strings;
			sourceTree = "<group>";
		};
		0C1D08841597F2B60053A34F /* MainStoryboard_iPhone.storyboard */ = {
			isa = PBXVariantGroup;
			children = (
				0C1D08851597F2B60053A34F /* en */,
			);
			name = MainStoryboard_iPhone.storyboard;
			sourceTree = "<group>";
		};
		0C1D08871597F2B60053A34F /* MainStoryboard_iPad.storyboard */ = {
			isa = PBXVariantGroup;
			children = (
				0C1D08881597F2B60053A34F /* en */,
			);
			name = MainStoryboard_iPad.storyboard;
			sourceTree = "<group>";
		};
/* End PBXVariantGroup section */

/* Begin XCBuildConfiguration section */
		0C1D088D1597F2B60053A34F /* Debug */ = {
			isa = XCBuildConfiguration;
			buildSettings = {
				ALWAYS_SEARCH_USER_PATHS = NO;
				ARCHS = "$(ARCHS_STANDARD_32_BIT)";
				CLANG_ENABLE_OBJC_ARC = YES;
				"CODE_SIGN_IDENTITY[sdk=iphoneos*]" = "iPhone Developer";
				COPY_PHASE_STRIP = NO;
				GCC_C_LANGUAGE_STANDARD = gnu99;
				GCC_DYNAMIC_NO_PIC = NO;
				GCC_OPTIMIZATION_LEVEL = 0;
				GCC_PREPROCESSOR_DEFINITIONS = (
					"DEBUG=1",
					"$(inherited)",
				);
				GCC_SYMBOLS_PRIVATE_EXTERN = NO;
				GCC_VERSION = com.apple.compilers.llvm.clang.1_0;
				GCC_WARN_ABOUT_RETURN_TYPE = YES;
				GCC_WARN_UNINITIALIZED_AUTOS = YES;
				GCC_WARN_UNUSED_VARIABLE = YES;
				IPHONEOS_DEPLOYMENT_TARGET = 5.1;
				SDKROOT = iphoneos;
				TARGETED_DEVICE_FAMILY = "1,2";
			};
			name = Debug;
		};
		0C1D088E1597F2B60053A34F /* Release */ = {
			isa = XCBuildConfiguration;
			buildSettings = {
				ALWAYS_SEARCH_USER_PATHS = NO;
				ARCHS = "$(ARCHS_STANDARD_32_BIT)";
				CLANG_ENABLE_OBJC_ARC = YES;
				"CODE_SIGN_IDENTITY[sdk=iphoneos*]" = "iPhone Developer";
				COPY_PHASE_STRIP = YES;
				GCC_C_LANGUAGE_STANDARD = gnu99;
				GCC_VERSION = com.apple.compilers.llvm.clang.1_0;
				GCC_WARN_ABOUT_RETURN_TYPE = YES;
				GCC_WARN_UNINITIALIZED_AUTOS = YES;
				GCC_WARN_UNUSED_VARIABLE = YES;
				IPHONEOS_DEPLOYMENT_TARGET = 5.1;
				OTHER_CFLAGS = "-DNS_BLOCK_ASSERTIONS=1";
				SDKROOT = iphoneos;
				TARGETED_DEVICE_FAMILY = "1,2";
				VALIDATE_PRODUCT = YES;
			};
			name = Release;
		};
		0C1D08901597F2B60053A34F /* Debug */ = {
			isa = XCBuildConfiguration;
			buildSettings = {
				GCC_PRECOMPILE_PREFIX_HEADER = YES;
				GCC_PREFIX_HEADER = "Project Netherworld iOS App/Project Netherworld iOS App-Prefix.pch";
				INFOPLIST_FILE = "Project Netherworld iOS App/Project Netherworld iOS App-Info.plist";
				LIBRARY_SEARCH_PATHS = (
					"$(inherited)",
					"\"$(SRCROOT)/facebook-ios-sdk\"",
				);
				PRODUCT_NAME = "$(TARGET_NAME)";
				WRAPPER_EXTENSION = app;
			};
			name = Debug;
		};
		0C1D08911597F2B60053A34F /* Release */ = {
			isa = XCBuildConfiguration;
			buildSettings = {
				GCC_PRECOMPILE_PREFIX_HEADER = YES;
				GCC_PREFIX_HEADER = "Project Netherworld iOS App/Project Netherworld iOS App-Prefix.pch";
				INFOPLIST_FILE = "Project Netherworld iOS App/Project Netherworld iOS App-Info.plist";
				LIBRARY_SEARCH_PATHS = (
					"$(inherited)",
					"\"$(SRCROOT)/facebook-ios-sdk\"",
				);
				PRODUCT_NAME = "$(TARGET_NAME)";
				WRAPPER_EXTENSION = app;
			};
			name = Release;
		};
/* End XCBuildConfiguration section */

/* Begin XCConfigurationList section */
		0C1D08681597F2B60053A34F /* Build configuration list for PBXProject "Project Netherworld iOS App" */ = {
			isa = XCConfigurationList;
			buildConfigurations = (
				0C1D088D1597F2B60053A34F /* Debug */,
				0C1D088E1597F2B60053A34F /* Release */,
			);
			defaultConfigurationIsVisible = 0;
			defaultConfigurationName = Release;
		};
		0C1D088F1597F2B60053A34F /* Build configuration list for PBXNativeTarget "Project Netherworld iOS App" */ = {
			isa = XCConfigurationList;
			buildConfigurations = (
				0C1D08901597F2B60053A34F /* Debug */,
				0C1D08911597F2B60053A34F /* Release */,
			);
			defaultConfigurationIsVisible = 0;
		};
/* End XCConfigurationList section */
	};
	rootObject = 0C1D08651597F2B60053A34F /* Project object */;
}
