// !$*UTF8*$!
{
	archiveVersion = 1;
	classes = {
	};
	objectVersion = 46;
	objects = {

/* Begin PBXBuildFile section */
		011464CC1597DD1800C5EA46 /* UIKit.framework in Frameworks */ = {isa = PBXBuildFile; fileRef = 011464CB1597DD1800C5EA46 /* UIKit.framework */; };
		011464CE1597DD1800C5EA46 /* Foundation.framework in Frameworks */ = {isa = PBXBuildFile; fileRef = 011464CD1597DD1800C5EA46 /* Foundation.framework */; };
		011464D01597DD1800C5EA46 /* CoreGraphics.framework in Frameworks */ = {isa = PBXBuildFile; fileRef = 011464CF1597DD1800C5EA46 /* CoreGraphics.framework */; };
		011464D61597DD1800C5EA46 /* InfoPlist.strings in Resources */ = {isa = PBXBuildFile; fileRef = 011464D41597DD1800C5EA46 /* InfoPlist.strings */; };
		011464D81597DD1800C5EA46 /* main.m in Sources */ = {isa = PBXBuildFile; fileRef = 011464D71597DD1800C5EA46 /* main.m */; };
		011464DC1597DD1800C5EA46 /* AppDelegate.m in Sources */ = {isa = PBXBuildFile; fileRef = 011464DB1597DD1800C5EA46 /* AppDelegate.m */; };
		011464DF1597DD1800C5EA46 /* RootViewController.m in Sources */ = {isa = PBXBuildFile; fileRef = 011464DE1597DD1800C5EA46 /* RootViewController.m */; };
		011464E21597DD1800C5EA46 /* DataViewController.m in Sources */ = {isa = PBXBuildFile; fileRef = 011464E11597DD1800C5EA46 /* DataViewController.m */; };
		011464E51597DD1800C5EA46 /* ModelController.m in Sources */ = {isa = PBXBuildFile; fileRef = 011464E41597DD1800C5EA46 /* ModelController.m */; };
		011464E81597DD1800C5EA46 /* MainStoryboard_iPhone.storyboard in Resources */ = {isa = PBXBuildFile; fileRef = 011464E61597DD1800C5EA46 /* MainStoryboard_iPhone.storyboard */; };
		011464EB1597DD1800C5EA46 /* MainStoryboard_iPad.storyboard in Resources */ = {isa = PBXBuildFile; fileRef = 011464E91597DD1800C5EA46 /* MainStoryboard_iPad.storyboard */; };
/* End PBXBuildFile section */

/* Begin PBXFileReference section */
		011464C71597DD1800C5EA46 /* Project Netherworld.app */ = {isa = PBXFileReference; explicitFileType = wrapper.application; includeInIndex = 0; path = "Project Netherworld.app"; sourceTree = BUILT_PRODUCTS_DIR; };
		011464CB1597DD1800C5EA46 /* UIKit.framework */ = {isa = PBXFileReference; lastKnownFileType = wrapper.framework; name = UIKit.framework; path = System/Library/Frameworks/UIKit.framework; sourceTree = SDKROOT; };
		011464CD1597DD1800C5EA46 /* Foundation.framework */ = {isa = PBXFileReference; lastKnownFileType = wrapper.framework; name = Foundation.framework; path = System/Library/Frameworks/Foundation.framework; sourceTree = SDKROOT; };
		011464CF1597DD1800C5EA46 /* CoreGraphics.framework */ = {isa = PBXFileReference; lastKnownFileType = wrapper.framework; name = CoreGraphics.framework; path = System/Library/Frameworks/CoreGraphics.framework; sourceTree = SDKROOT; };
		011464D31597DD1800C5EA46 /* Project Netherworld-Info.plist */ = {isa = PBXFileReference; lastKnownFileType = text.plist.xml; path = "Project Netherworld-Info.plist"; sourceTree = "<group>"; };
		011464D51597DD1800C5EA46 /* en */ = {isa = PBXFileReference; lastKnownFileType = text.plist.strings; name = en; path = en.lproj/InfoPlist.strings; sourceTree = "<group>"; };
		011464D71597DD1800C5EA46 /* main.m */ = {isa = PBXFileReference; lastKnownFileType = sourcecode.c.objc; path = main.m; sourceTree = "<group>"; };
		011464D91597DD1800C5EA46 /* Project Netherworld-Prefix.pch */ = {isa = PBXFileReference; lastKnownFileType = sourcecode.c.h; path = "Project Netherworld-Prefix.pch"; sourceTree = "<group>"; };
		011464DA1597DD1800C5EA46 /* AppDelegate.h */ = {isa = PBXFileReference; lastKnownFileType = sourcecode.c.h; path = AppDelegate.h; sourceTree = "<group>"; };
		011464DB1597DD1800C5EA46 /* AppDelegate.m */ = {isa = PBXFileReference; lastKnownFileType = sourcecode.c.objc; path = AppDelegate.m; sourceTree = "<group>"; };
		011464DD1597DD1800C5EA46 /* RootViewController.h */ = {isa = PBXFileReference; lastKnownFileType = sourcecode.c.h; path = RootViewController.h; sourceTree = "<group>"; };
		011464DE1597DD1800C5EA46 /* RootViewController.m */ = {isa = PBXFileReference; lastKnownFileType = sourcecode.c.objc; path = RootViewController.m; sourceTree = "<group>"; };
		011464E01597DD1800C5EA46 /* DataViewController.h */ = {isa = PBXFileReference; lastKnownFileType = sourcecode.c.h; path = DataViewController.h; sourceTree = "<group>"; };
		011464E11597DD1800C5EA46 /* DataViewController.m */ = {isa = PBXFileReference; lastKnownFileType = sourcecode.c.objc; path = DataViewController.m; sourceTree = "<group>"; };
		011464E31597DD1800C5EA46 /* ModelController.h */ = {isa = PBXFileReference; lastKnownFileType = sourcecode.c.h; path = ModelController.h; sourceTree = "<group>"; };
		011464E41597DD1800C5EA46 /* ModelController.m */ = {isa = PBXFileReference; lastKnownFileType = sourcecode.c.objc; path = ModelController.m; sourceTree = "<group>"; };
		011464E71597DD1800C5EA46 /* en */ = {isa = PBXFileReference; lastKnownFileType = file.storyboard; name = en; path = en.lproj/MainStoryboard_iPhone.storyboard; sourceTree = "<group>"; };
		011464EA1597DD1800C5EA46 /* en */ = {isa = PBXFileReference; lastKnownFileType = file.storyboard; name = en; path = en.lproj/MainStoryboard_iPad.storyboard; sourceTree = "<group>"; };
/* End PBXFileReference section */

/* Begin PBXFrameworksBuildPhase section */
		011464C41597DD1800C5EA46 /* Frameworks */ = {
			isa = PBXFrameworksBuildPhase;
			buildActionMask = 2147483647;
			files = (
				011464CC1597DD1800C5EA46 /* UIKit.framework in Frameworks */,
				011464CE1597DD1800C5EA46 /* Foundation.framework in Frameworks */,
				011464D01597DD1800C5EA46 /* CoreGraphics.framework in Frameworks */,
			);
			runOnlyForDeploymentPostprocessing = 0;
		};
/* End PBXFrameworksBuildPhase section */

/* Begin PBXGroup section */
		011464BC1597DD1800C5EA46 = {
			isa = PBXGroup;
			children = (
				011464D11597DD1800C5EA46 /* Project Netherworld */,
				011464CA1597DD1800C5EA46 /* Frameworks */,
				011464C81597DD1800C5EA46 /* Products */,
			);
			sourceTree = "<group>";
		};
		011464C81597DD1800C5EA46 /* Products */ = {
			isa = PBXGroup;
			children = (
				011464C71597DD1800C5EA46 /* Project Netherworld.app */,
			);
			name = Products;
			sourceTree = "<group>";
		};
		011464CA1597DD1800C5EA46 /* Frameworks */ = {
			isa = PBXGroup;
			children = (
				011464CB1597DD1800C5EA46 /* UIKit.framework */,
				011464CD1597DD1800C5EA46 /* Foundation.framework */,
				011464CF1597DD1800C5EA46 /* CoreGraphics.framework */,
			);
			name = Frameworks;
			sourceTree = "<group>";
		};
		011464D11597DD1800C5EA46 /* Project Netherworld */ = {
			isa = PBXGroup;
			children = (
				011464DA1597DD1800C5EA46 /* AppDelegate.h */,
				011464DB1597DD1800C5EA46 /* AppDelegate.m */,
				011464DD1597DD1800C5EA46 /* RootViewController.h */,
				011464DE1597DD1800C5EA46 /* RootViewController.m */,
				011464E01597DD1800C5EA46 /* DataViewController.h */,
				011464E11597DD1800C5EA46 /* DataViewController.m */,
				011464E31597DD1800C5EA46 /* ModelController.h */,
				011464E41597DD1800C5EA46 /* ModelController.m */,
				011464E61597DD1800C5EA46 /* MainStoryboard_iPhone.storyboard */,
				011464E91597DD1800C5EA46 /* MainStoryboard_iPad.storyboard */,
				011464D21597DD1800C5EA46 /* Supporting Files */,
			);
			path = "Project Netherworld";
			sourceTree = "<group>";
		};
		011464D21597DD1800C5EA46 /* Supporting Files */ = {
			isa = PBXGroup;
			children = (
				011464D31597DD1800C5EA46 /* Project Netherworld-Info.plist */,
				011464D41597DD1800C5EA46 /* InfoPlist.strings */,
				011464D71597DD1800C5EA46 /* main.m */,
				011464D91597DD1800C5EA46 /* Project Netherworld-Prefix.pch */,
			);
			name = "Supporting Files";
			sourceTree = "<group>";
		};
/* End PBXGroup section */

/* Begin PBXNativeTarget section */
		011464C61597DD1800C5EA46 /* Project Netherworld */ = {
			isa = PBXNativeTarget;
			buildConfigurationList = 011464EE1597DD1800C5EA46 /* Build configuration list for PBXNativeTarget "Project Netherworld" */;
			buildPhases = (
				011464C31597DD1800C5EA46 /* Sources */,
				011464C41597DD1800C5EA46 /* Frameworks */,
				011464C51597DD1800C5EA46 /* Resources */,
			);
			buildRules = (
			);
			dependencies = (
			);
			name = "Project Netherworld";
			productName = "Project Netherworld";
			productReference = 011464C71597DD1800C5EA46 /* Project Netherworld.app */;
			productType = "com.apple.product-type.application";
		};
/* End PBXNativeTarget section */

/* Begin PBXProject section */
		011464BE1597DD1800C5EA46 /* Project object */ = {
			isa = PBXProject;
			attributes = {
				LastUpgradeCheck = 0430;
				ORGANIZATIONNAME = "University of Pennsylvania";
			};
			buildConfigurationList = 011464C11597DD1800C5EA46 /* Build configuration list for PBXProject "Project Netherworld" */;
			compatibilityVersion = "Xcode 3.2";
			developmentRegion = English;
			hasScannedForEncodings = 0;
			knownRegions = (
				en,
			);
			mainGroup = 011464BC1597DD1800C5EA46;
			productRefGroup = 011464C81597DD1800C5EA46 /* Products */;
			projectDirPath = "";
			projectRoot = "";
			targets = (
				011464C61597DD1800C5EA46 /* Project Netherworld */,
			);
		};
/* End PBXProject section */

/* Begin PBXResourcesBuildPhase section */
		011464C51597DD1800C5EA46 /* Resources */ = {
			isa = PBXResourcesBuildPhase;
			buildActionMask = 2147483647;
			files = (
				011464D61597DD1800C5EA46 /* InfoPlist.strings in Resources */,
				011464E81597DD1800C5EA46 /* MainStoryboard_iPhone.storyboard in Resources */,
				011464EB1597DD1800C5EA46 /* MainStoryboard_iPad.storyboard in Resources */,
			);
			runOnlyForDeploymentPostprocessing = 0;
		};
/* End PBXResourcesBuildPhase section */

/* Begin PBXSourcesBuildPhase section */
		011464C31597DD1800C5EA46 /* Sources */ = {
			isa = PBXSourcesBuildPhase;
			buildActionMask = 2147483647;
			files = (
				011464D81597DD1800C5EA46 /* main.m in Sources */,
				011464DC1597DD1800C5EA46 /* AppDelegate.m in Sources */,
				011464DF1597DD1800C5EA46 /* RootViewController.m in Sources */,
				011464E21597DD1800C5EA46 /* DataViewController.m in Sources */,
				011464E51597DD1800C5EA46 /* ModelController.m in Sources */,
			);
			runOnlyForDeploymentPostprocessing = 0;
		};
/* End PBXSourcesBuildPhase section */

/* Begin PBXVariantGroup section */
		011464D41597DD1800C5EA46 /* InfoPlist.strings */ = {
			isa = PBXVariantGroup;
			children = (
				011464D51597DD1800C5EA46 /* en */,
			);
			name = InfoPlist.strings;
			sourceTree = "<group>";
		};
		011464E61597DD1800C5EA46 /* MainStoryboard_iPhone.storyboard */ = {
			isa = PBXVariantGroup;
			children = (
				011464E71597DD1800C5EA46 /* en */,
			);
			name = MainStoryboard_iPhone.storyboard;
			sourceTree = "<group>";
		};
		011464E91597DD1800C5EA46 /* MainStoryboard_iPad.storyboard */ = {
			isa = PBXVariantGroup;
			children = (
				011464EA1597DD1800C5EA46 /* en */,
			);
			name = MainStoryboard_iPad.storyboard;
			sourceTree = "<group>";
		};
/* End PBXVariantGroup section */

/* Begin XCBuildConfiguration section */
		011464EC1597DD1800C5EA46 /* Debug */ = {
			isa = XCBuildConfiguration;
			buildSettings = {
				ALWAYS_SEARCH_USER_PATHS = NO;
				ARCHS = "$(ARCHS_STANDARD_32_BIT)";
				CLANG_ENABLE_OBJC_ARC = YES;
				"CODE_SIGN_IDENTITY[sdk=iphoneos*]" = "iPhone Developer";
				COPY_PHASE_STRIP = NO;
				GCC_C_LANGUAGE_STANDARD = gnu99;
				GCC_DYNAMIC_NO_PIC = NO;
				GCC_OPTIMIZATION_LEVEL = 0;
				GCC_PREPROCESSOR_DEFINITIONS = (
					"DEBUG=1",
					"$(inherited)",
				);
				GCC_SYMBOLS_PRIVATE_EXTERN = NO;
				GCC_VERSION = com.apple.compilers.llvm.clang.1_0;
				GCC_WARN_ABOUT_RETURN_TYPE = YES;
				GCC_WARN_UNINITIALIZED_AUTOS = YES;
				GCC_WARN_UNUSED_VARIABLE = YES;
				IPHONEOS_DEPLOYMENT_TARGET = 5.1;
				SDKROOT = iphoneos;
				TARGETED_DEVICE_FAMILY = "1,2";
			};
			name = Debug;
		};
		011464ED1597DD1800C5EA46 /* Release */ = {
			isa = XCBuildConfiguration;
			buildSettings = {
				ALWAYS_SEARCH_USER_PATHS = NO;
				ARCHS = "$(ARCHS_STANDARD_32_BIT)";
				CLANG_ENABLE_OBJC_ARC = YES;
				"CODE_SIGN_IDENTITY[sdk=iphoneos*]" = "iPhone Developer";
				COPY_PHASE_STRIP = YES;
				GCC_C_LANGUAGE_STANDARD = gnu99;
				GCC_VERSION = com.apple.compilers.llvm.clang.1_0;
				GCC_WARN_ABOUT_RETURN_TYPE = YES;
				GCC_WARN_UNINITIALIZED_AUTOS = YES;
				GCC_WARN_UNUSED_VARIABLE = YES;
				IPHONEOS_DEPLOYMENT_TARGET = 5.1;
				OTHER_CFLAGS = "-DNS_BLOCK_ASSERTIONS=1";
				SDKROOT = iphoneos;
				TARGETED_DEVICE_FAMILY = "1,2";
				VALIDATE_PRODUCT = YES;
			};
			name = Release;
		};
		011464EF1597DD1800C5EA46 /* Debug */ = {
			isa = XCBuildConfiguration;
			buildSettings = {
				GCC_PRECOMPILE_PREFIX_HEADER = YES;
				GCC_PREFIX_HEADER = "Project Netherworld/Project Netherworld-Prefix.pch";
				INFOPLIST_FILE = "Project Netherworld/Project Netherworld-Info.plist";
				PRODUCT_NAME = "$(TARGET_NAME)";
				WRAPPER_EXTENSION = app;
			};
			name = Debug;
		};
		011464F01597DD1800C5EA46 /* Release */ = {
			isa = XCBuildConfiguration;
			buildSettings = {
				GCC_PRECOMPILE_PREFIX_HEADER = YES;
				GCC_PREFIX_HEADER = "Project Netherworld/Project Netherworld-Prefix.pch";
				INFOPLIST_FILE = "Project Netherworld/Project Netherworld-Info.plist";
				PRODUCT_NAME = "$(TARGET_NAME)";
				WRAPPER_EXTENSION = app;
			};
			name = Release;
		};
/* End XCBuildConfiguration section */

/* Begin XCConfigurationList section */
		011464C11597DD1800C5EA46 /* Build configuration list for PBXProject "Project Netherworld" */ = {
			isa = XCConfigurationList;
			buildConfigurations = (
				011464EC1597DD1800C5EA46 /* Debug */,
				011464ED1597DD1800C5EA46 /* Release */,
			);
			defaultConfigurationIsVisible = 0;
			defaultConfigurationName = Release;
		};
		011464EE1597DD1800C5EA46 /* Build configuration list for PBXNativeTarget "Project Netherworld" */ = {
			isa = XCConfigurationList;
			buildConfigurations = (
				011464EF1597DD1800C5EA46 /* Debug */,
				011464F01597DD1800C5EA46 /* Release */,
			);
			defaultConfigurationIsVisible = 0;
		};
/* End XCConfigurationList section */
	};
	rootObject = 011464BE1597DD1800C5EA46 /* Project object */;
}
